
Microsoft Visual Studio Solution File, Format Version 12.00
# Visual Studio Version 17
VisualStudioVersion = 17.3.32929.385
MinimumVisualStudioVersion = 10.0.40219.1
Project("{FAE04EC0-301F-11D3-BF4B-00C04F79EFBC}") = "FirstApplication", "FirstApplication\FirstApplication.csproj", "{DD9DA1B8-4E73-4CAC-8E90-E77F6CBB123C}"
EndProject
Global
	GlobalSection(SolutionConfigurationPlatforms) = preSolution
		Debug|Any CPU = Debug|Any CPU
		Release|Any CPU = Release|Any CPU
	EndGlobalSection
	GlobalSection(ProjectConfigurationPlatforms) = postSolution
		{DD9DA1B8-4E73-4CAC-8E90-E77F6CBB123C}.Debug|Any CPU.ActiveCfg = Debug|Any CPU
		{DD9DA1B8-4E73-4CAC-8E90-E77F6CBB123C}.Debug|Any CPU.Build.0 = Debug|Any CPU
		{DD9DA1B8-4E73-4CAC-8E90-E77F6CBB123C}.Release|Any CPU.ActiveCfg = Release|Any CPU
		{DD9DA1B8-4E73-4CAC-8E90-E77F6CBB123C}.Release|Any CPU.Build.0 = Release|Any CPU
	EndGlobalSection
	GlobalSection(SolutionProperties) = preSolution
		HideSolutionNode = FALSE
	EndGlobalSection
	GlobalSection(ExtensibilityGlobals) = postSolution
		SolutionGuid = {638DDE4F-BC7D-474A-89D2-A900C7DC284D}
	EndGlobalSection
EndGlobal
